
Microsoft Visual Studio Solution File, Format Version 12.00
# Visual Studio Version 17
VisualStudioVersion = 17.12.35707.178
MinimumVisualStudioVersion = 10.0.40219.1
Project("{FAE04EC0-301F-11D3-BF4B-00C04F79EFBC}") = "LabyrinthApi", "LabyrinthApi\LabyrinthApi.csproj", "{AD64B78B-15A5-4D8F-8A8C-B22674F2F367}"
EndProject
Project("{FAE04EC0-301F-11D3-BF4B-00C04F79EFBC}") = "LabyrinthTests", "LabyrinthApi.Tests\LabyrinthTests.csproj", "{64C76880-F564-4C13-AED0-CC14D92416E8}"
EndProject
Project("{FAE04EC0-301F-11D3-BF4B-00C04F79EFBC}") = "LabyrinthManager", "LabyrinthManager\LabyrinthManager.csproj", "{E98DD8AE-F77B-4F34-9DB1-00B2EB8A9CE3}"
EndProject
Global
	GlobalSection(SolutionConfigurationPlatforms) = preSolution
		Debug|Any CPU = Debug|Any CPU
		Release|Any CPU = Release|Any CPU
	EndGlobalSection
	GlobalSection(ProjectConfigurationPlatforms) = postSolution
		{AD64B78B-15A5-4D8F-8A8C-B22674F2F367}.Debug|Any CPU.ActiveCfg = Debug|Any CPU
		{AD64B78B-15A5-4D8F-8A8C-B22674F2F367}.Debug|Any CPU.Build.0 = Debug|Any CPU
		{AD64B78B-15A5-4D8F-8A8C-B22674F2F367}.Release|Any CPU.ActiveCfg = Release|Any CPU
		{AD64B78B-15A5-4D8F-8A8C-B22674F2F367}.Release|Any CPU.Build.0 = Release|Any CPU
		{64C76880-F564-4C13-AED0-CC14D92416E8}.Debug|Any CPU.ActiveCfg = Debug|Any CPU
		{64C76880-F564-4C13-AED0-CC14D92416E8}.Debug|Any CPU.Build.0 = Debug|Any CPU
		{64C76880-F564-4C13-AED0-CC14D92416E8}.Release|Any CPU.ActiveCfg = Release|Any CPU
		{64C76880-F564-4C13-AED0-CC14D92416E8}.Release|Any CPU.Build.0 = Release|Any CPU
		{E98DD8AE-F77B-4F34-9DB1-00B2EB8A9CE3}.Debug|Any CPU.ActiveCfg = Debug|Any CPU
		{E98DD8AE-F77B-4F34-9DB1-00B2EB8A9CE3}.Debug|Any CPU.Build.0 = Debug|Any CPU
		{E98DD8AE-F77B-4F34-9DB1-00B2EB8A9CE3}.Release|Any CPU.ActiveCfg = Release|Any CPU
		{E98DD8AE-F77B-4F34-9DB1-00B2EB8A9CE3}.Release|Any CPU.Build.0 = Release|Any CPU
	EndGlobalSection
	GlobalSection(SolutionProperties) = preSolution
		HideSolutionNode = FALSE
	EndGlobalSection
EndGlobal
